
Microsoft Visual Studio Solution File, Format Version 12.00
# Visual Studio Version 17
VisualStudioVersion = 17.0.31903.59
MinimumVisualStudioVersion = 10.0.40219.1
Project("{FAE04EC0-301F-11D3-BF4B-00C04F79EFBC}") = "Devantler.TemplateEngine", "Devantler.TemplateEngine\Devantler.TemplateEngine.csproj", "{2F01300B-69CE-4AC0-97D1-D10E0EFF60EA}"
EndProject
Project("{FAE04EC0-301F-11D3-BF4B-00C04F79EFBC}") = "Devantler.TemplateEngine.Tests", "Devantler.TemplateEngine.Tests\Devantler.TemplateEngine.Tests.csproj", "{8D1DA7A8-9514-40C6-BE79-38842C16D96A}"
EndProject
Global
	GlobalSection(SolutionConfigurationPlatforms) = preSolution
		Debug|Any CPU = Debug|Any CPU
		Release|Any CPU = Release|Any CPU
	EndGlobalSection
	GlobalSection(ProjectConfigurationPlatforms) = postSolution
		{2F01300B-69CE-4AC0-97D1-D10E0EFF60EA}.Debug|Any CPU.ActiveCfg = Debug|Any CPU
		{2F01300B-69CE-4AC0-97D1-D10E0EFF60EA}.Debug|Any CPU.Build.0 = Debug|Any CPU
		{2F01300B-69CE-4AC0-97D1-D10E0EFF60EA}.Release|Any CPU.ActiveCfg = Release|Any CPU
		{2F01300B-69CE-4AC0-97D1-D10E0EFF60EA}.Release|Any CPU.Build.0 = Release|Any CPU
		{8D1DA7A8-9514-40C6-BE79-38842C16D96A}.Debug|Any CPU.ActiveCfg = Debug|Any CPU
		{8D1DA7A8-9514-40C6-BE79-38842C16D96A}.Debug|Any CPU.Build.0 = Debug|Any CPU
		{8D1DA7A8-9514-40C6-BE79-38842C16D96A}.Release|Any CPU.ActiveCfg = Release|Any CPU
		{8D1DA7A8-9514-40C6-BE79-38842C16D96A}.Release|Any CPU.Build.0 = Release|Any CPU
	EndGlobalSection
	GlobalSection(SolutionProperties) = preSolution
		HideSolutionNode = FALSE
	EndGlobalSection
EndGlobal
